// !$*UTF8*$!
{
	archiveVersion = 1;
	classes = {
	};
	objectVersion = 55;
	objects = {

/* Begin PBXBuildFile section */
		8A6E6AC627ADAD99008FEC2E /* AppDelegate.swift in Sources */ = {isa = PBXBuildFile; fileRef = 8A6E6AC527ADAD99008FEC2E /* AppDelegate.swift */; };
		8A6E6AC827ADAD99008FEC2E /* SceneDelegate.swift in Sources */ = {isa = PBXBuildFile; fileRef = 8A6E6AC727ADAD99008FEC2E /* SceneDelegate.swift */; };
		8A6E6ACF27ADAD9E008FEC2E /* Assets.xcassets in Resources */ = {isa = PBXBuildFile; fileRef = 8A6E6ACE27ADAD9E008FEC2E /* Assets.xcassets */; };
		8A6E6AD227ADAD9E008FEC2E /* LaunchScreen.storyboard in Resources */ = {isa = PBXBuildFile; fileRef = 8A6E6AD027ADAD9E008FEC2E /* LaunchScreen.storyboard */; };
		8A6E6AE127ADB4FE008FEC2E /* Core in Frameworks */ = {isa = PBXBuildFile; productRef = 8A6E6AE027ADB4FE008FEC2E /* Core */; };
		8A6E6AE327ADB4FE008FEC2E /* Detail in Frameworks */ = {isa = PBXBuildFile; productRef = 8A6E6AE227ADB4FE008FEC2E /* Detail */; };
		8A6E6AE527ADB4FE008FEC2E /* FavoriteList in Frameworks */ = {isa = PBXBuildFile; productRef = 8A6E6AE427ADB4FE008FEC2E /* FavoriteList */; };
		8A6E6AE727ADB4FE008FEC2E /* List in Frameworks */ = {isa = PBXBuildFile; productRef = 8A6E6AE627ADB4FE008FEC2E /* List */; };
		8A6E6AE927ADB4FE008FEC2E /* UIComponents in Frameworks */ = {isa = PBXBuildFile; productRef = 8A6E6AE827ADB4FE008FEC2E /* UIComponents */; };
		8A6E6AEC27ADB968008FEC2E /* Coordinator in Frameworks */ = {isa = PBXBuildFile; productRef = 8A6E6AEB27ADB968008FEC2E /* Coordinator */; };
		8A6E6AED27ADB968008FEC2E /* Coordinator in Embed Frameworks */ = {isa = PBXBuildFile; productRef = 8A6E6AEB27ADB968008FEC2E /* Coordinator */; settings = {ATTRIBUTES = (CodeSignOnCopy, ); }; };
		8A6E6AF727ADCB06008FEC2E /* MainScreen in Frameworks */ = {isa = PBXBuildFile; productRef = 8A6E6AF627ADCB06008FEC2E /* MainScreen */; };
/* End PBXBuildFile section */

/* Begin PBXCopyFilesBuildPhase section */
		8A6E6AEE27ADB968008FEC2E /* Embed Frameworks */ = {
			isa = PBXCopyFilesBuildPhase;
			buildActionMask = 2147483647;
			dstPath = "";
			dstSubfolderSpec = 10;
			files = (
				8A6E6AED27ADB968008FEC2E /* Coordinator in Embed Frameworks */,
			);
			name = "Embed Frameworks";
			runOnlyForDeploymentPostprocessing = 0;
		};
/* End PBXCopyFilesBuildPhase section */

/* Begin PBXFileReference section */
		8A6E6AC227ADAD99008FEC2E /* MixedApp.app */ = {isa = PBXFileReference; explicitFileType = wrapper.application; includeInIndex = 0; path = MixedApp.app; sourceTree = BUILT_PRODUCTS_DIR; };
		8A6E6AC527ADAD99008FEC2E /* AppDelegate.swift */ = {isa = PBXFileReference; lastKnownFileType = sourcecode.swift; path = AppDelegate.swift; sourceTree = "<group>"; };
		8A6E6AC727ADAD99008FEC2E /* SceneDelegate.swift */ = {isa = PBXFileReference; lastKnownFileType = sourcecode.swift; path = SceneDelegate.swift; sourceTree = "<group>"; };
		8A6E6ACE27ADAD9E008FEC2E /* Assets.xcassets */ = {isa = PBXFileReference; lastKnownFileType = folder.assetcatalog; path = Assets.xcassets; sourceTree = "<group>"; };
		8A6E6AD127ADAD9E008FEC2E /* Base */ = {isa = PBXFileReference; lastKnownFileType = file.storyboard; name = Base; path = Base.lproj/LaunchScreen.storyboard; sourceTree = "<group>"; };
		8A6E6AD327ADAD9E008FEC2E /* Info.plist */ = {isa = PBXFileReference; lastKnownFileType = text.plist.xml; path = Info.plist; sourceTree = "<group>"; };
		8A6E6ADA27ADB44E008FEC2E /* Detail */ = {isa = PBXFileReference; lastKnownFileType = wrapper; path = Detail; sourceTree = "<group>"; };
		8A6E6ADB27ADB44E008FEC2E /* Core */ = {isa = PBXFileReference; lastKnownFileType = wrapper; path = Core; sourceTree = "<group>"; };
		8A6E6ADC27ADB44E008FEC2E /* UIComponents */ = {isa = PBXFileReference; lastKnownFileType = wrapper; path = UIComponents; sourceTree = "<group>"; };
		8A6E6ADD27ADB44E008FEC2E /* List */ = {isa = PBXFileReference; lastKnownFileType = wrapper; path = List; sourceTree = "<group>"; };
		8A6E6ADE27ADB44E008FEC2E /* FavoriteList */ = {isa = PBXFileReference; lastKnownFileType = wrapper; path = FavoriteList; sourceTree = "<group>"; };
		8A6E6AEA27ADB93B008FEC2E /* Coordinator */ = {isa = PBXFileReference; lastKnownFileType = wrapper; path = Coordinator; sourceTree = "<group>"; };
		8A6E6AF527ADCA87008FEC2E /* MainScreen */ = {isa = PBXFileReference; lastKnownFileType = wrapper; path = MainScreen; sourceTree = "<group>"; };
/* End PBXFileReference section */

/* Begin PBXFrameworksBuildPhase section */
		8A6E6ABF27ADAD99008FEC2E /* Frameworks */ = {
			isa = PBXFrameworksBuildPhase;
			buildActionMask = 2147483647;
			files = (
				8A6E6AE727ADB4FE008FEC2E /* List in Frameworks */,
				8A6E6AF727ADCB06008FEC2E /* MainScreen in Frameworks */,
				8A6E6AE127ADB4FE008FEC2E /* Core in Frameworks */,
				8A6E6AE327ADB4FE008FEC2E /* Detail in Frameworks */,
				8A6E6AEC27ADB968008FEC2E /* Coordinator in Frameworks */,
				8A6E6AE527ADB4FE008FEC2E /* FavoriteList in Frameworks */,
				8A6E6AE927ADB4FE008FEC2E /* UIComponents in Frameworks */,
			);
			runOnlyForDeploymentPostprocessing = 0;
		};
/* End PBXFrameworksBuildPhase section */

/* Begin PBXGroup section */
		8A6E6AB927ADAD99008FEC2E = {
			isa = PBXGroup;
			children = (
				8A6E6AF527ADCA87008FEC2E /* MainScreen */,
				8A6E6AEA27ADB93B008FEC2E /* Coordinator */,
				8A6E6ADB27ADB44E008FEC2E /* Core */,
				8A6E6ADA27ADB44E008FEC2E /* Detail */,
				8A6E6ADE27ADB44E008FEC2E /* FavoriteList */,
				8A6E6ADD27ADB44E008FEC2E /* List */,
				8A6E6ADC27ADB44E008FEC2E /* UIComponents */,
				8A6E6AC427ADAD99008FEC2E /* MixedApp */,
				8A6E6AC327ADAD99008FEC2E /* Products */,
				8A6E6ADF27ADB4FE008FEC2E /* Frameworks */,
			);
			sourceTree = "<group>";
		};
		8A6E6AC327ADAD99008FEC2E /* Products */ = {
			isa = PBXGroup;
			children = (
				8A6E6AC227ADAD99008FEC2E /* MixedApp.app */,
			);
			name = Products;
			sourceTree = "<group>";
		};
		8A6E6AC427ADAD99008FEC2E /* MixedApp */ = {
			isa = PBXGroup;
			children = (
				8A6E6AC527ADAD99008FEC2E /* AppDelegate.swift */,
				8A6E6AC727ADAD99008FEC2E /* SceneDelegate.swift */,
				8A6E6ACE27ADAD9E008FEC2E /* Assets.xcassets */,
				8A6E6AD027ADAD9E008FEC2E /* LaunchScreen.storyboard */,
				8A6E6AD327ADAD9E008FEC2E /* Info.plist */,
			);
			path = MixedApp;
			sourceTree = "<group>";
		};
		8A6E6ADF27ADB4FE008FEC2E /* Frameworks */ = {
			isa = PBXGroup;
			children = (
			);
			name = Frameworks;
			sourceTree = "<group>";
		};
/* End PBXGroup section */

/* Begin PBXNativeTarget section */
		8A6E6AC127ADAD99008FEC2E /* MixedApp */ = {
			isa = PBXNativeTarget;
			buildConfigurationList = 8A6E6AD627ADAD9E008FEC2E /* Build configuration list for PBXNativeTarget "MixedApp" */;
			buildPhases = (
				8A6E6ABE27ADAD99008FEC2E /* Sources */,
				8A6E6ABF27ADAD99008FEC2E /* Frameworks */,
				8A6E6AC027ADAD99008FEC2E /* Resources */,
				8A6E6AEE27ADB968008FEC2E /* Embed Frameworks */,
			);
			buildRules = (
			);
			dependencies = (
			);
			name = MixedApp;
			packageProductDependencies = (
				8A6E6AE027ADB4FE008FEC2E /* Core */,
				8A6E6AE227ADB4FE008FEC2E /* Detail */,
				8A6E6AE427ADB4FE008FEC2E /* FavoriteList */,
				8A6E6AE627ADB4FE008FEC2E /* List */,
				8A6E6AE827ADB4FE008FEC2E /* UIComponents */,
				8A6E6AEB27ADB968008FEC2E /* Coordinator */,
				8A6E6AF627ADCB06008FEC2E /* MainScreen */,
			);
			productName = MixedApp;
			productReference = 8A6E6AC227ADAD99008FEC2E /* MixedApp.app */;
			productType = "com.apple.product-type.application";
		};
/* End PBXNativeTarget section */

/* Begin PBXProject section */
		8A6E6ABA27ADAD99008FEC2E /* Project object */ = {
			isa = PBXProject;
			attributes = {
				BuildIndependentTargetsInParallel = 1;
				LastSwiftUpdateCheck = 1320;
				LastUpgradeCheck = 1320;
				TargetAttributes = {
					8A6E6AC127ADAD99008FEC2E = {
						CreatedOnToolsVersion = 13.2.1;
					};
				};
			};
			buildConfigurationList = 8A6E6ABD27ADAD99008FEC2E /* Build configuration list for PBXProject "MixedApp" */;
			compatibilityVersion = "Xcode 13.0";
			developmentRegion = en;
			hasScannedForEncodings = 0;
			knownRegions = (
				en,
				Base,
			);
			mainGroup = 8A6E6AB927ADAD99008FEC2E;
			productRefGroup = 8A6E6AC327ADAD99008FEC2E /* Products */;
			projectDirPath = "";
			projectRoot = "";
			targets = (
				8A6E6AC127ADAD99008FEC2E /* MixedApp */,
			);
		};
/* End PBXProject section */

/* Begin PBXResourcesBuildPhase section */
		8A6E6AC027ADAD99008FEC2E /* Resources */ = {
			isa = PBXResourcesBuildPhase;
			buildActionMask = 2147483647;
			files = (
				8A6E6AD227ADAD9E008FEC2E /* LaunchScreen.storyboard in Resources */,
				8A6E6ACF27ADAD9E008FEC2E /* Assets.xcassets in Resources */,
			);
			runOnlyForDeploymentPostprocessing = 0;
		};
/* End PBXResourcesBuildPhase section */

/* Begin PBXSourcesBuildPhase section */
		8A6E6ABE27ADAD99008FEC2E /* Sources */ = {
			isa = PBXSourcesBuildPhase;
			buildActionMask = 2147483647;
			files = (
				8A6E6AC627ADAD99008FEC2E /* AppDelegate.swift in Sources */,
				8A6E6AC827ADAD99008FEC2E /* SceneDelegate.swift in Sources */,
			);
			runOnlyForDeploymentPostprocessing = 0;
		};
/* End PBXSourcesBuildPhase section */

/* Begin PBXVariantGroup section */
		8A6E6AD027ADAD9E008FEC2E /* LaunchScreen.storyboard */ = {
			isa = PBXVariantGroup;
			children = (
				8A6E6AD127ADAD9E008FEC2E /* Base */,
			);
			name = LaunchScreen.storyboard;
			sourceTree = "<group>";
		};
/* End PBXVariantGroup section */

/* Begin XCBuildConfiguration section */
		8A6E6AD427ADAD9E008FEC2E /* Debug */ = {
			isa = XCBuildConfiguration;
			buildSettings = {
				ALWAYS_SEARCH_USER_PATHS = NO;
				CLANG_ANALYZER_NONNULL = YES;
				CLANG_ANALYZER_NUMBER_OBJECT_CONVERSION = YES_AGGRESSIVE;
				CLANG_CXX_LANGUAGE_STANDARD = "gnu++17";
				CLANG_CXX_LIBRARY = "libc++";
				CLANG_ENABLE_MODULES = YES;
				CLANG_ENABLE_OBJC_ARC = YES;
				CLANG_ENABLE_OBJC_WEAK = YES;
				CLANG_WARN_BLOCK_CAPTURE_AUTORELEASING = YES;
				CLANG_WARN_BOOL_CONVERSION = YES;
				CLANG_WARN_COMMA = YES;
				CLANG_WARN_CONSTANT_CONVERSION = YES;
				CLANG_WARN_DEPRECATED_OBJC_IMPLEMENTATIONS = YES;
				CLANG_WARN_DIRECT_OBJC_ISA_USAGE = YES_ERROR;
				CLANG_WARN_DOCUMENTATION_COMMENTS = YES;
				CLANG_WARN_EMPTY_BODY = YES;
				CLANG_WARN_ENUM_CONVERSION = YES;
				CLANG_WARN_INFINITE_RECURSION = YES;
				CLANG_WARN_INT_CONVERSION = YES;
				CLANG_WARN_NON_LITERAL_NULL_CONVERSION = YES;
				CLANG_WARN_OBJC_IMPLICIT_RETAIN_SELF = YES;
				CLANG_WARN_OBJC_LITERAL_CONVERSION = YES;
				CLANG_WARN_OBJC_ROOT_CLASS = YES_ERROR;
				CLANG_WARN_QUOTED_INCLUDE_IN_FRAMEWORK_HEADER = YES;
				CLANG_WARN_RANGE_LOOP_ANALYSIS = YES;
				CLANG_WARN_STRICT_PROTOTYPES = YES;
				CLANG_WARN_SUSPICIOUS_MOVE = YES;
				CLANG_WARN_UNGUARDED_AVAILABILITY = YES_AGGRESSIVE;
				CLANG_WARN_UNREACHABLE_CODE = YES;
				CLANG_WARN__DUPLICATE_METHOD_MATCH = YES;
				COPY_PHASE_STRIP = NO;
				DEBUG_INFORMATION_FORMAT = dwarf;
				ENABLE_STRICT_OBJC_MSGSEND = YES;
				ENABLE_TESTABILITY = YES;
				GCC_C_LANGUAGE_STANDARD = gnu11;
				GCC_DYNAMIC_NO_PIC = NO;
				GCC_NO_COMMON_BLOCKS = YES;
				GCC_OPTIMIZATION_LEVEL = 0;
				GCC_PREPROCESSOR_DEFINITIONS = (
					"DEBUG=1",
					"$(inherited)",
				);
				GCC_WARN_64_TO_32_BIT_CONVERSION = YES;
				GCC_WARN_ABOUT_RETURN_TYPE = YES_ERROR;
				GCC_WARN_UNDECLARED_SELECTOR = YES;
				GCC_WARN_UNINITIALIZED_AUTOS = YES_AGGRESSIVE;
				GCC_WARN_UNUSED_FUNCTION = YES;
				GCC_WARN_UNUSED_VARIABLE = YES;
				IPHONEOS_DEPLOYMENT_TARGET = 14.0;
				MTL_ENABLE_DEBUG_INFO = INCLUDE_SOURCE;
				MTL_FAST_MATH = YES;
				ONLY_ACTIVE_ARCH = YES;
				SDKROOT = iphoneos;
				SWIFT_ACTIVE_COMPILATION_CONDITIONS = DEBUG;
				SWIFT_OPTIMIZATION_LEVEL = "-Onone";
			};
			name = Debug;
		};
		8A6E6AD527ADAD9E008FEC2E /* Release */ = {
			isa = XCBuildConfiguration;
			buildSettings = {
				ALWAYS_SEARCH_USER_PATHS = NO;
				CLANG_ANALYZER_NONNULL = YES;
				CLANG_ANALYZER_NUMBER_OBJECT_CONVERSION = YES_AGGRESSIVE;
				CLANG_CXX_LANGUAGE_STANDARD = "gnu++17";
				CLANG_CXX_LIBRARY = "libc++";
				CLANG_ENABLE_MODULES = YES;
				CLANG_ENABLE_OBJC_ARC = YES;
				CLANG_ENABLE_OBJC_WEAK = YES;
				CLANG_WARN_BLOCK_CAPTURE_AUTORELEASING = YES;
				CLANG_WARN_BOOL_CONVERSION = YES;
				CLANG_WARN_COMMA = YES;
				CLANG_WARN_CONSTANT_CONVERSION = YES;
				CLANG_WARN_DEPRECATED_OBJC_IMPLEMENTATIONS = YES;
				CLANG_WARN_DIRECT_OBJC_ISA_USAGE = YES_ERROR;
				CLANG_WARN_DOCUMENTATION_COMMENTS = YES;
				CLANG_WARN_EMPTY_BODY = YES;
				CLANG_WARN_ENUM_CONVERSION = YES;
				CLANG_WARN_INFINITE_RECURSION = YES;
				CLANG_WARN_INT_CONVERSION = YES;
				CLANG_WARN_NON_LITERAL_NULL_CONVERSION = YES;
				CLANG_WARN_OBJC_IMPLICIT_RETAIN_SELF = YES;
				CLANG_WARN_OBJC_LITERAL_CONVERSION = YES;
				CLANG_WARN_OBJC_ROOT_CLASS = YES_ERROR;
				CLANG_WARN_QUOTED_INCLUDE_IN_FRAMEWORK_HEADER = YES;
				CLANG_WARN_RANGE_LOOP_ANALYSIS = YES;
				CLANG_WARN_STRICT_PROTOTYPES = YES;
				CLANG_WARN_SUSPICIOUS_MOVE = YES;
				CLANG_WARN_UNGUARDED_AVAILABILITY = YES_AGGRESSIVE;
				CLANG_WARN_UNREACHABLE_CODE = YES;
				CLANG_WARN__DUPLICATE_METHOD_MATCH = YES;
				COPY_PHASE_STRIP = NO;
				DEBUG_INFORMATION_FORMAT = "dwarf-with-dsym";
				ENABLE_NS_ASSERTIONS = NO;
				ENABLE_STRICT_OBJC_MSGSEND = YES;
				GCC_C_LANGUAGE_STANDARD = gnu11;
				GCC_NO_COMMON_BLOCKS = YES;
				GCC_WARN_64_TO_32_BIT_CONVERSION = YES;
				GCC_WARN_ABOUT_RETURN_TYPE = YES_ERROR;
				GCC_WARN_UNDECLARED_SELECTOR = YES;
				GCC_WARN_UNINITIALIZED_AUTOS = YES_AGGRESSIVE;
				GCC_WARN_UNUSED_FUNCTION = YES;
				GCC_WARN_UNUSED_VARIABLE = YES;
				IPHONEOS_DEPLOYMENT_TARGET = 14.0;
				MTL_ENABLE_DEBUG_INFO = NO;
				MTL_FAST_MATH = YES;
				SDKROOT = iphoneos;
				SWIFT_COMPILATION_MODE = wholemodule;
				SWIFT_OPTIMIZATION_LEVEL = "-O";
				VALIDATE_PRODUCT = YES;
			};
			name = Release;
		};
		8A6E6AD727ADAD9E008FEC2E /* Debug */ = {
			isa = XCBuildConfiguration;
			buildSettings = {
				ASSETCATALOG_COMPILER_APPICON_NAME = AppIcon;
				ASSETCATALOG_COMPILER_GLOBAL_ACCENT_COLOR_NAME = AccentColor;
				CODE_SIGN_STYLE = Automatic;
				CURRENT_PROJECT_VERSION = 1;
				GENERATE_INFOPLIST_FILE = YES;
				INFOPLIST_FILE = MixedApp/Info.plist;
				INFOPLIST_KEY_UIApplicationSupportsIndirectInputEvents = YES;
				INFOPLIST_KEY_UILaunchStoryboardName = LaunchScreen;
				INFOPLIST_KEY_UISupportedInterfaceOrientations_iPad = "UIInterfaceOrientationPortrait UIInterfaceOrientationPortraitUpsideDown UIInterfaceOrientationLandscapeLeft UIInterfaceOrientationLandscapeRight";
				INFOPLIST_KEY_UISupportedInterfaceOrientations_iPhone = "UIInterfaceOrientationPortrait UIInterfaceOrientationLandscapeLeft UIInterfaceOrientationLandscapeRight";
				LD_RUNPATH_SEARCH_PATHS = (
					"$(inherited)",
					"@executable_path/Frameworks",
				);
				MARKETING_VERSION = 1.0;
				PRODUCT_BUNDLE_IDENTIFIER = org.bastianx6.MixedApp;
				PRODUCT_NAME = "$(TARGET_NAME)";
				SWIFT_EMIT_LOC_STRINGS = YES;
				SWIFT_VERSION = 5.0;
				TARGETED_DEVICE_FAMILY = "1,2";
			};
			name = Debug;
		};
		8A6E6AD827ADAD9E008FEC2E /* Release */ = {
			isa = XCBuildConfiguration;
			buildSettings = {
				ASSETCATALOG_COMPILER_APPICON_NAME = AppIcon;
				ASSETCATALOG_COMPILER_GLOBAL_ACCENT_COLOR_NAME = AccentColor;
				CODE_SIGN_STYLE = Automatic;
				CURRENT_PROJECT_VERSION = 1;
				GENERATE_INFOPLIST_FILE = YES;
				INFOPLIST_FILE = MixedApp/Info.plist;
				INFOPLIST_KEY_UIApplicationSupportsIndirectInputEvents = YES;
				INFOPLIST_KEY_UILaunchStoryboardName = LaunchScreen;
				INFOPLIST_KEY_UISupportedInterfaceOrientations_iPad = "UIInterfaceOrientationPortrait UIInterfaceOrientationPortraitUpsideDown UIInterfaceOrientationLandscapeLeft UIInterfaceOrientationLandscapeRight";
				INFOPLIST_KEY_UISupportedInterfaceOrientations_iPhone = "UIInterfaceOrientationPortrait UIInterfaceOrientationLandscapeLeft UIInterfaceOrientationLandscapeRight";
				LD_RUNPATH_SEARCH_PATHS = (
					"$(inherited)",
					"@executable_path/Frameworks",
				);
				MARKETING_VERSION = 1.0;
				PRODUCT_BUNDLE_IDENTIFIER = org.bastianx6.MixedApp;
				PRODUCT_NAME = "$(TARGET_NAME)";
				SWIFT_EMIT_LOC_STRINGS = YES;
				SWIFT_VERSION = 5.0;
				TARGETED_DEVICE_FAMILY = "1,2";
			};
			name = Release;
		};
/* End XCBuildConfiguration section */

/* Begin XCConfigurationList section */
		8A6E6ABD27ADAD99008FEC2E /* Build configuration list for PBXProject "MixedApp" */ = {
			isa = XCConfigurationList;
			buildConfigurations = (
				8A6E6AD427ADAD9E008FEC2E /* Debug */,
				8A6E6AD527ADAD9E008FEC2E /* Release */,
			);
			defaultConfigurationIsVisible = 0;
			defaultConfigurationName = Release;
		};
		8A6E6AD627ADAD9E008FEC2E /* Build configuration list for PBXNativeTarget "MixedApp" */ = {
			isa = XCConfigurationList;
			buildConfigurations = (
				8A6E6AD727ADAD9E008FEC2E /* Debug */,
				8A6E6AD827ADAD9E008FEC2E /* Release */,
			);
			defaultConfigurationIsVisible = 0;
			defaultConfigurationName = Release;
		};
/* End XCConfigurationList section */

/* Begin XCSwiftPackageProductDependency section */
		8A6E6AE027ADB4FE008FEC2E /* Core */ = {
			isa = XCSwiftPackageProductDependency;
			productName = Core;
		};
		8A6E6AE227ADB4FE008FEC2E /* Detail */ = {
			isa = XCSwiftPackageProductDependency;
			productName = Detail;
		};
		8A6E6AE427ADB4FE008FEC2E /* FavoriteList */ = {
			isa = XCSwiftPackageProductDependency;
			productName = FavoriteList;
		};
		8A6E6AE627ADB4FE008FEC2E /* List */ = {
			isa = XCSwiftPackageProductDependency;
			productName = List;
		};
		8A6E6AE827ADB4FE008FEC2E /* UIComponents */ = {
			isa = XCSwiftPackageProductDependency;
			productName = UIComponents;
		};
		8A6E6AEB27ADB968008FEC2E /* Coordinator */ = {
			isa = XCSwiftPackageProductDependency;
			productName = Coordinator;
		};
		8A6E6AF627ADCB06008FEC2E /* MainScreen */ = {
			isa = XCSwiftPackageProductDependency;
			productName = MainScreen;
		};
/* End XCSwiftPackageProductDependency section */
	};
	rootObject = 8A6E6ABA27ADAD99008FEC2E /* Project object */;
}
